
Microsoft Visual Studio Solution File, Format Version 12.00
# Visual Studio Version 17
VisualStudioVersion = 17.1.32210.238
MinimumVisualStudioVersion = 10.0.40219.1
Project("{FAE04EC0-301F-11D3-BF4B-00C04F79EFBC}") = "Application.Core.Domains", "Application.Domains\Application.Core.Domains.csproj", "{13FB4AAA-AD5F-4394-8C63-4A8E6505FAD6}"
EndProject
Project("{FAE04EC0-301F-11D3-BF4B-00C04F79EFBC}") = "Application.DBQuery", "Application.DBQuery\Application.DBQuery.csproj", "{9A97580D-C94D-476F-AA96-A7A9FB80247C}"
EndProject
Project("{FAE04EC0-301F-11D3-BF4B-00C04F79EFBC}") = "Application.Testes", "Application.Testes\Application.Testes.csproj", "{02C8B06E-1807-4992-B435-7CE204F73EAF}"
EndProject
Project("{FAE04EC0-301F-11D3-BF4B-00C04F79EFBC}") = "Application.Console", "Application.Console\Application.Console.csproj", "{2F352D7F-57EE-4F99-BF21-14D34E6974FF}"
EndProject
Global
	GlobalSection(SolutionConfigurationPlatforms) = preSolution
		Debug|Any CPU = Debug|Any CPU
		Release|Any CPU = Release|Any CPU
	EndGlobalSection
	GlobalSection(ProjectConfigurationPlatforms) = postSolution
		{13FB4AAA-AD5F-4394-8C63-4A8E6505FAD6}.Debug|Any CPU.ActiveCfg = Debug|Any CPU
		{13FB4AAA-AD5F-4394-8C63-4A8E6505FAD6}.Debug|Any CPU.Build.0 = Debug|Any CPU
		{13FB4AAA-AD5F-4394-8C63-4A8E6505FAD6}.Release|Any CPU.ActiveCfg = Release|Any CPU
		{13FB4AAA-AD5F-4394-8C63-4A8E6505FAD6}.Release|Any CPU.Build.0 = Release|Any CPU
		{9A97580D-C94D-476F-AA96-A7A9FB80247C}.Debug|Any CPU.ActiveCfg = Debug|Any CPU
		{9A97580D-C94D-476F-AA96-A7A9FB80247C}.Debug|Any CPU.Build.0 = Debug|Any CPU
		{9A97580D-C94D-476F-AA96-A7A9FB80247C}.Release|Any CPU.ActiveCfg = Release|Any CPU
		{9A97580D-C94D-476F-AA96-A7A9FB80247C}.Release|Any CPU.Build.0 = Release|Any CPU
		{02C8B06E-1807-4992-B435-7CE204F73EAF}.Debug|Any CPU.ActiveCfg = Debug|Any CPU
		{02C8B06E-1807-4992-B435-7CE204F73EAF}.Debug|Any CPU.Build.0 = Debug|Any CPU
		{02C8B06E-1807-4992-B435-7CE204F73EAF}.Release|Any CPU.ActiveCfg = Release|Any CPU
		{02C8B06E-1807-4992-B435-7CE204F73EAF}.Release|Any CPU.Build.0 = Release|Any CPU
		{2F352D7F-57EE-4F99-BF21-14D34E6974FF}.Debug|Any CPU.ActiveCfg = Debug|Any CPU
		{2F352D7F-57EE-4F99-BF21-14D34E6974FF}.Debug|Any CPU.Build.0 = Debug|Any CPU
		{2F352D7F-57EE-4F99-BF21-14D34E6974FF}.Release|Any CPU.ActiveCfg = Release|Any CPU
		{2F352D7F-57EE-4F99-BF21-14D34E6974FF}.Release|Any CPU.Build.0 = Release|Any CPU
	EndGlobalSection
	GlobalSection(SolutionProperties) = preSolution
		HideSolutionNode = FALSE
	EndGlobalSection
	GlobalSection(ExtensibilityGlobals) = postSolution
		SolutionGuid = {524CCC5F-867E-4D08-8D1D-0D36225F29EC}
	EndGlobalSection
EndGlobal
